// !$*UTF8*$!
{
	archiveVersion = 1;
	classes = {
	};
	objectVersion = 46;
	objects = {

/* Begin PBXBuildFile section */
		D7D8679D1A86AEE7003B13C5 /* main.m in Sources */ = {isa = PBXBuildFile; fileRef = D7D8679C1A86AEE7003B13C5 /* main.m */; };
		D7D867A01A86AEE7003B13C5 /* AppDelegate.m in Sources */ = {isa = PBXBuildFile; fileRef = D7D8679F1A86AEE7003B13C5 /* AppDelegate.m */; };
		D7D867A31A86AEE7003B13C5 /* ViewController.m in Sources */ = {isa = PBXBuildFile; fileRef = D7D867A21A86AEE7003B13C5 /* ViewController.m */; };
		D7D867A61A86AEE7003B13C5 /* Main.storyboard in Resources */ = {isa = PBXBuildFile; fileRef = D7D867A41A86AEE7003B13C5 /* Main.storyboard */; };
		D7D867A81A86AEE7003B13C5 /* Images.xcassets in Resources */ = {isa = PBXBuildFile; fileRef = D7D867A71A86AEE7003B13C5 /* Images.xcassets */; };
		D7D867AB1A86AEE7003B13C5 /* LaunchScreen.xib in Resources */ = {isa = PBXBuildFile; fileRef = D7D867A91A86AEE7003B13C5 /* LaunchScreen.xib */; };
		D7D867B71A86AEE7003B13C5 /* fireAppTests.m in Sources */ = {isa = PBXBuildFile; fileRef = D7D867B61A86AEE7003B13C5 /* fireAppTests.m */; };
/* End PBXBuildFile section */

/* Begin PBXContainerItemProxy section */
		D7D867B11A86AEE7003B13C5 /* PBXContainerItemProxy */ = {
			isa = PBXContainerItemProxy;
			containerPortal = D7D8678F1A86AEE7003B13C5 /* Project object */;
			proxyType = 1;
			remoteGlobalIDString = D7D867961A86AEE7003B13C5;
			remoteInfo = fireApp;
		};
/* End PBXContainerItemProxy section */

/* Begin PBXFileReference section */
		D7D867971A86AEE7003B13C5 /* fireApp.app */ = {isa = PBXFileReference; explicitFileType = wrapper.application; includeInIndex = 0; path = fireApp.app; sourceTree = BUILT_PRODUCTS_DIR; };
		D7D8679B1A86AEE7003B13C5 /* Info.plist */ = {isa = PBXFileReference; lastKnownFileType = text.plist.xml; path = Info.plist; sourceTree = "<group>"; };
		D7D8679C1A86AEE7003B13C5 /* main.m */ = {isa = PBXFileReference; lastKnownFileType = sourcecode.c.objc; path = main.m; sourceTree = "<group>"; };
		D7D8679E1A86AEE7003B13C5 /* AppDelegate.h */ = {isa = PBXFileReference; lastKnownFileType = sourcecode.c.h; path = AppDelegate.h; sourceTree = "<group>"; };
		D7D8679F1A86AEE7003B13C5 /* AppDelegate.m */ = {isa = PBXFileReference; lastKnownFileType = sourcecode.c.objc; path = AppDelegate.m; sourceTree = "<group>"; };
		D7D867A11A86AEE7003B13C5 /* ViewController.h */ = {isa = PBXFileReference; lastKnownFileType = sourcecode.c.h; path = ViewController.h; sourceTree = "<group>"; };
		D7D867A21A86AEE7003B13C5 /* ViewController.m */ = {isa = PBXFileReference; lastKnownFileType = sourcecode.c.objc; path = ViewController.m; sourceTree = "<group>"; };
		D7D867A51A86AEE7003B13C5 /* Base */ = {isa = PBXFileReference; lastKnownFileType = file.storyboard; name = Base; path = Base.lproj/Main.storyboard; sourceTree = "<group>"; };
		D7D867A71A86AEE7003B13C5 /* Images.xcassets */ = {isa = PBXFileReference; lastKnownFileType = folder.assetcatalog; path = Images.xcassets; sourceTree = "<group>"; };
		D7D867AA1A86AEE7003B13C5 /* Base */ = {isa = PBXFileReference; lastKnownFileType = file.xib; name = Base; path = Base.lproj/LaunchScreen.xib; sourceTree = "<group>"; };
		D7D867B01A86AEE7003B13C5 /* fireAppTests.xctest */ = {isa = PBXFileReference; explicitFileType = wrapper.cfbundle; includeInIndex = 0; path = fireAppTests.xctest; sourceTree = BUILT_PRODUCTS_DIR; };
		D7D867B51A86AEE7003B13C5 /* Info.plist */ = {isa = PBXFileReference; lastKnownFileType = text.plist.xml; path = Info.plist; sourceTree = "<group>"; };
		D7D867B61A86AEE7003B13C5 /* fireAppTests.m */ = {isa = PBXFileReference; lastKnownFileType = sourcecode.c.objc; path = fireAppTests.m; sourceTree = "<group>"; };
/* End PBXFileReference section */

/* Begin PBXFrameworksBuildPhase section */
		D7D867941A86AEE7003B13C5 /* Frameworks */ = {
			isa = PBXFrameworksBuildPhase;
			buildActionMask = 2147483647;
			files = (
			);
			runOnlyForDeploymentPostprocessing = 0;
		};
		D7D867AD1A86AEE7003B13C5 /* Frameworks */ = {
			isa = PBXFrameworksBuildPhase;
			buildActionMask = 2147483647;
			files = (
			);
			runOnlyForDeploymentPostprocessing = 0;
		};
/* End PBXFrameworksBuildPhase section */

/* Begin PBXGroup section */
		D7D8678E1A86AEE7003B13C5 = {
			isa = PBXGroup;
			children = (
				D7D867991A86AEE7003B13C5 /* fireApp */,
				D7D867B31A86AEE7003B13C5 /* fireAppTests */,
				D7D867981A86AEE7003B13C5 /* Products */,
			);
			sourceTree = "<group>";
		};
		D7D867981A86AEE7003B13C5 /* Products */ = {
			isa = PBXGroup;
			children = (
				D7D867971A86AEE7003B13C5 /* fireApp.app */,
				D7D867B01A86AEE7003B13C5 /* fireAppTests.xctest */,
			);
			name = Products;
			sourceTree = "<group>";
		};
		D7D867991A86AEE7003B13C5 /* fireApp */ = {
			isa = PBXGroup;
			children = (
				D7D8679E1A86AEE7003B13C5 /* AppDelegate.h */,
				D7D8679F1A86AEE7003B13C5 /* AppDelegate.m */,
				D7D867A11A86AEE7003B13C5 /* ViewController.h */,
				D7D867A21A86AEE7003B13C5 /* ViewController.m */,
				D7D867A41A86AEE7003B13C5 /* Main.storyboard */,
				D7D867A71A86AEE7003B13C5 /* Images.xcassets */,
				D7D867A91A86AEE7003B13C5 /* LaunchScreen.xib */,
				D7D8679A1A86AEE7003B13C5 /* Supporting Files */,
			);
			path = fireApp;
			sourceTree = "<group>";
		};
		D7D8679A1A86AEE7003B13C5 /* Supporting Files */ = {
			isa = PBXGroup;
			children = (
				D7D8679B1A86AEE7003B13C5 /* Info.plist */,
				D7D8679C1A86AEE7003B13C5 /* main.m */,
			);
			name = "Supporting Files";
			sourceTree = "<group>";
		};
		D7D867B31A86AEE7003B13C5 /* fireAppTests */ = {
			isa = PBXGroup;
			children = (
				D7D867B61A86AEE7003B13C5 /* fireAppTests.m */,
				D7D867B41A86AEE7003B13C5 /* Supporting Files */,
			);
			path = fireAppTests;
			sourceTree = "<group>";
		};
		D7D867B41A86AEE7003B13C5 /* Supporting Files */ = {
			isa = PBXGroup;
			children = (
				D7D867B51A86AEE7003B13C5 /* Info.plist */,
			);
			name = "Supporting Files";
			sourceTree = "<group>";
		};
/* End PBXGroup section */

/* Begin PBXNativeTarget section */
		D7D867961A86AEE7003B13C5 /* fireApp */ = {
			isa = PBXNativeTarget;
			buildConfigurationList = D7D867BA1A86AEE7003B13C5 /* Build configuration list for PBXNativeTarget "fireApp" */;
			buildPhases = (
				D7D867931A86AEE7003B13C5 /* Sources */,
				D7D867941A86AEE7003B13C5 /* Frameworks */,
				D7D867951A86AEE7003B13C5 /* Resources */,
			);
			buildRules = (
			);
			dependencies = (
			);
			name = fireApp;
			productName = fireApp;
			productReference = D7D867971A86AEE7003B13C5 /* fireApp.app */;
			productType = "com.apple.product-type.application";
		};
		D7D867AF1A86AEE7003B13C5 /* fireAppTests */ = {
			isa = PBXNativeTarget;
			buildConfigurationList = D7D867BD1A86AEE7003B13C5 /* Build configuration list for PBXNativeTarget "fireAppTests" */;
			buildPhases = (
				D7D867AC1A86AEE7003B13C5 /* Sources */,
				D7D867AD1A86AEE7003B13C5 /* Frameworks */,
				D7D867AE1A86AEE7003B13C5 /* Resources */,
			);
			buildRules = (
			);
			dependencies = (
				D7D867B21A86AEE7003B13C5 /* PBXTargetDependency */,
			);
			name = fireAppTests;
			productName = fireAppTests;
			productReference = D7D867B01A86AEE7003B13C5 /* fireAppTests.xctest */;
			productType = "com.apple.product-type.bundle.unit-test";
		};
/* End PBXNativeTarget section */

/* Begin PBXProject section */
		D7D8678F1A86AEE7003B13C5 /* Project object */ = {
			isa = PBXProject;
			attributes = {
				LastUpgradeCheck = 0610;
				ORGANIZATIONNAME = cagide;
				TargetAttributes = {
					D7D867961A86AEE7003B13C5 = {
						CreatedOnToolsVersion = 6.1.1;
					};
					D7D867AF1A86AEE7003B13C5 = {
						CreatedOnToolsVersion = 6.1.1;
						TestTargetID = D7D867961A86AEE7003B13C5;
					};
				};
			};
			buildConfigurationList = D7D867921A86AEE7003B13C5 /* Build configuration list for PBXProject "fireApp" */;
			compatibilityVersion = "Xcode 3.2";
			developmentRegion = English;
			hasScannedForEncodings = 0;
			knownRegions = (
				en,
				Base,
			);
			mainGroup = D7D8678E1A86AEE7003B13C5;
			productRefGroup = D7D867981A86AEE7003B13C5 /* Products */;
			projectDirPath = "";
			projectRoot = "";
			targets = (
				D7D867961A86AEE7003B13C5 /* fireApp */,
				D7D867AF1A86AEE7003B13C5 /* fireAppTests */,
			);
		};
/* End PBXProject section */

/* Begin PBXResourcesBuildPhase section */
		D7D867951A86AEE7003B13C5 /* Resources */ = {
			isa = PBXResourcesBuildPhase;
			buildActionMask = 2147483647;
			files = (
				D7D867A61A86AEE7003B13C5 /* Main.storyboard in Resources */,
				D7D867AB1A86AEE7003B13C5 /* LaunchScreen.xib in Resources */,
				D7D867A81A86AEE7003B13C5 /* Images.xcassets in Resources */,
			);
			runOnlyForDeploymentPostprocessing = 0;
		};
		D7D867AE1A86AEE7003B13C5 /* Resources */ = {
			isa = PBXResourcesBuildPhase;
			buildActionMask = 2147483647;
			files = (
			);
			runOnlyForDeploymentPostprocessing = 0;
		};
/* End PBXResourcesBuildPhase section */

/* Begin PBXSourcesBuildPhase section */
		D7D867931A86AEE7003B13C5 /* Sources */ = {
			isa = PBXSourcesBuildPhase;
			buildActionMask = 2147483647;
			files = (
				D7D867A31A86AEE7003B13C5 /* ViewController.m in Sources */,
				D7D867A01A86AEE7003B13C5 /* AppDelegate.m in Sources */,
				D7D8679D1A86AEE7003B13C5 /* main.m in Sources */,
			);
			runOnlyForDeploymentPostprocessing = 0;
		};
		D7D867AC1A86AEE7003B13C5 /* Sources */ = {
			isa = PBXSourcesBuildPhase;
			buildActionMask = 2147483647;
			files = (
				D7D867B71A86AEE7003B13C5 /* fireAppTests.m in Sources */,
			);
			runOnlyForDeploymentPostprocessing = 0;
		};
/* End PBXSourcesBuildPhase section */

/* Begin PBXTargetDependency section */
		D7D867B21A86AEE7003B13C5 /* PBXTargetDependency */ = {
			isa = PBXTargetDependency;
			target = D7D867961A86AEE7003B13C5 /* fireApp */;
			targetProxy = D7D867B11A86AEE7003B13C5 /* PBXContainerItemProxy */;
		};
/* End PBXTargetDependency section */

/* Begin PBXVariantGroup section */
		D7D867A41A86AEE7003B13C5 /* Main.storyboard */ = {
			isa = PBXVariantGroup;
			children = (
				D7D867A51A86AEE7003B13C5 /* Base */,
			);
			name = Main.storyboard;
			sourceTree = "<group>";
		};
		D7D867A91A86AEE7003B13C5 /* LaunchScreen.xib */ = {
			isa = PBXVariantGroup;
			children = (
				D7D867AA1A86AEE7003B13C5 /* Base */,
			);
			name = LaunchScreen.xib;
			sourceTree = "<group>";
		};
/* End PBXVariantGroup section */

/* Begin XCBuildConfiguration section */
		D7D867B81A86AEE7003B13C5 /* Debug */ = {
			isa = XCBuildConfiguration;
			buildSettings = {
				ALWAYS_SEARCH_USER_PATHS = NO;
				CLANG_CXX_LANGUAGE_STANDARD = "gnu++0x";
				CLANG_CXX_LIBRARY = "libc++";
				CLANG_ENABLE_MODULES = YES;
				CLANG_ENABLE_OBJC_ARC = YES;
				CLANG_WARN_BOOL_CONVERSION = YES;
				CLANG_WARN_CONSTANT_CONVERSION = YES;
				CLANG_WARN_DIRECT_OBJC_ISA_USAGE = YES_ERROR;
				CLANG_WARN_EMPTY_BODY = YES;
				CLANG_WARN_ENUM_CONVERSION = YES;
				CLANG_WARN_INT_CONVERSION = YES;
				CLANG_WARN_OBJC_ROOT_CLASS = YES_ERROR;
				CLANG_WARN_UNREACHABLE_CODE = YES;
				CLANG_WARN__DUPLICATE_METHOD_MATCH = YES;
				"CODE_SIGN_IDENTITY[sdk=iphoneos*]" = "iPhone Developer";
				COPY_PHASE_STRIP = NO;
				ENABLE_STRICT_OBJC_MSGSEND = YES;
				GCC_C_LANGUAGE_STANDARD = gnu99;
				GCC_DYNAMIC_NO_PIC = NO;
				GCC_OPTIMIZATION_LEVEL = 0;
				GCC_PREPROCESSOR_DEFINITIONS = (
					"DEBUG=1",
					"$(inherited)",
				);
				GCC_SYMBOLS_PRIVATE_EXTERN = NO;
				GCC_WARN_64_TO_32_BIT_CONVERSION = YES;
				GCC_WARN_ABOUT_RETURN_TYPE = YES_ERROR;
				GCC_WARN_UNDECLARED_SELECTOR = YES;
				GCC_WARN_UNINITIALIZED_AUTOS = YES_AGGRESSIVE;
				GCC_WARN_UNUSED_FUNCTION = YES;
				GCC_WARN_UNUSED_VARIABLE = YES;
				IPHONEOS_DEPLOYMENT_TARGET = 8.1;
				MTL_ENABLE_DEBUG_INFO = YES;
				ONLY_ACTIVE_ARCH = YES;
				SDKROOT = iphoneos;
			};
			name = Debug;
		};
		D7D867B91A86AEE7003B13C5 /* Release */ = {
			isa = XCBuildConfiguration;
			buildSettings = {
				ALWAYS_SEARCH_USER_PATHS = NO;
				CLANG_CXX_LANGUAGE_STANDARD = "gnu++0x";
				CLANG_CXX_LIBRARY = "libc++";
				CLANG_ENABLE_MODULES = YES;
				CLANG_ENABLE_OBJC_ARC = YES;
				CLANG_WARN_BOOL_CONVERSION = YES;
				CLANG_WARN_CONSTANT_CONVERSION = YES;
				CLANG_WARN_DIRECT_OBJC_ISA_USAGE = YES_ERROR;
				CLANG_WARN_EMPTY_BODY = YES;
				CLANG_WARN_ENUM_CONVERSION = YES;
				CLANG_WARN_INT_CONVERSION = YES;
				CLANG_WARN_OBJC_ROOT_CLASS = YES_ERROR;
				CLANG_WARN_UNREACHABLE_CODE = YES;
				CLANG_WARN__DUPLICATE_METHOD_MATCH = YES;
				"CODE_SIGN_IDENTITY[sdk=iphoneos*]" = "iPhone Developer";
				COPY_PHASE_STRIP = YES;
				ENABLE_NS_ASSERTIONS = NO;
				ENABLE_STRICT_OBJC_MSGSEND = YES;
				GCC_C_LANGUAGE_STANDARD = gnu99;
				GCC_WARN_64_TO_32_BIT_CONVERSION = YES;
				GCC_WARN_ABOUT_RETURN_TYPE = YES_ERROR;
				GCC_WARN_UNDECLARED_SELECTOR = YES;
				GCC_WARN_UNINITIALIZED_AUTOS = YES_AGGRESSIVE;
				GCC_WARN_UNUSED_FUNCTION = YES;
				GCC_WARN_UNUSED_VARIABLE = YES;
				IPHONEOS_DEPLOYMENT_TARGET = 8.1;
				MTL_ENABLE_DEBUG_INFO = NO;
				SDKROOT = iphoneos;
				VALIDATE_PRODUCT = YES;
			};
			name = Release;
		};
		D7D867BB1A86AEE7003B13C5 /* Debug */ = {
			isa = XCBuildConfiguration;
			buildSettings = {
				ASSETCATALOG_COMPILER_APPICON_NAME = AppIcon;
				INFOPLIST_FILE = fireApp/Info.plist;
				LD_RUNPATH_SEARCH_PATHS = "$(inherited) @executable_path/Frameworks";
				PRODUCT_NAME = "$(TARGET_NAME)";
			};
			name = Debug;
		};
		D7D867BC1A86AEE7003B13C5 /* Release */ = {
			isa = XCBuildConfiguration;
			buildSettings = {
				ASSETCATALOG_COMPILER_APPICON_NAME = AppIcon;
				INFOPLIST_FILE = fireApp/Info.plist;
				LD_RUNPATH_SEARCH_PATHS = "$(inherited) @executable_path/Frameworks";
				PRODUCT_NAME = "$(TARGET_NAME)";
			};
			name = Release;
		};
		D7D867BE1A86AEE7003B13C5 /* Debug */ = {
			isa = XCBuildConfiguration;
			buildSettings = {
				BUNDLE_LOADER = "$(TEST_HOST)";
				FRAMEWORK_SEARCH_PATHS = (
					"$(SDKROOT)/Developer/Library/Frameworks",
					"$(inherited)",
				);
				GCC_PREPROCESSOR_DEFINITIONS = (
					"DEBUG=1",
					"$(inherited)",
				);
				INFOPLIST_FILE = fireAppTests/Info.plist;
				LD_RUNPATH_SEARCH_PATHS = "$(inherited) @executable_path/Frameworks @loader_path/Frameworks";
				PRODUCT_NAME = "$(TARGET_NAME)";
				TEST_HOST = "$(BUILT_PRODUCTS_DIR)/fireApp.app/fireApp";
			};
			name = Debug;
		};
		D7D867BF1A86AEE7003B13C5 /* Release */ = {
			isa = XCBuildConfiguration;
			buildSettings = {
				BUNDLE_LOADER = "$(TEST_HOST)";
				FRAMEWORK_SEARCH_PATHS = (
					"$(SDKROOT)/Developer/Library/Frameworks",
					"$(inherited)",
				);
				INFOPLIST_FILE = fireAppTests/Info.plist;
				LD_RUNPATH_SEARCH_PATHS = "$(inherited) @executable_path/Frameworks @loader_path/Frameworks";
				PRODUCT_NAME = "$(TARGET_NAME)";
				TEST_HOST = "$(BUILT_PRODUCTS_DIR)/fireApp.app/fireApp";
			};
			name = Release;
		};
/* End XCBuildConfiguration section */

/* Begin XCConfigurationList section */
		D7D867921A86AEE7003B13C5 /* Build configuration list for PBXProject "fireApp" */ = {
			isa = XCConfigurationList;
			buildConfigurations = (
				D7D867B81A86AEE7003B13C5 /* Debug */,
				D7D867B91A86AEE7003B13C5 /* Release */,
			);
			defaultConfigurationIsVisible = 0;
			defaultConfigurationName = Release;
		};
		D7D867BA1A86AEE7003B13C5 /* Build configuration list for PBXNativeTarget "fireApp" */ = {
			isa = XCConfigurationList;
			buildConfigurations = (
				D7D867BB1A86AEE7003B13C5 /* Debug */,
				D7D867BC1A86AEE7003B13C5 /* Release */,
			);
			defaultConfigurationIsVisible = 0;
		};
		D7D867BD1A86AEE7003B13C5 /* Build configuration list for PBXNativeTarget "fireAppTests" */ = {
			isa = XCConfigurationList;
			buildConfigurations = (
				D7D867BE1A86AEE7003B13C5 /* Debug */,
				D7D867BF1A86AEE7003B13C5 /* Release */,
			);
			defaultConfigurationIsVisible = 0;
		};
/* End XCConfigurationList section */
	};
	rootObject = D7D8678F1A86AEE7003B13C5 /* Project object */;
}
