<?xml version="1.0" encoding="UTF-8"?>
<!DOCTYPE plist PUBLIC "-//Apple//DTD PLIST 1.0//EN" "http://www.apple.com/DTDs/PropertyList-1.0.dtd">
<plist version="1.0">
<dict>
	<key>archiveVersion</key>
	<string>1</string>
	<key>classes</key>
	<dict/>
	<key>objectVersion</key>
	<string>46</string>
	<key>objects</key>
	<dict>
		<key>3B339E50FDCC5CAC4D7B896F</key>
		<dict>
			<key>explicitFileType</key>
			<string>archive.ar</string>
			<key>includeInIndex</key>
			<string>0</string>
			<key>isa</key>
			<string>PBXFileReference</string>
			<key>path</key>
			<string>libPods-fireApp.a</string>
			<key>sourceTree</key>
			<string>BUILT_PRODUCTS_DIR</string>
		</dict>
		<key>52FA27D187FEEC5DFA25D7EE</key>
		<dict>
			<key>fileRef</key>
			<string>3B339E50FDCC5CAC4D7B896F</string>
			<key>isa</key>
			<string>PBXBuildFile</string>
		</dict>
		<key>549ADC5F44CAEFBE4FC3692D</key>
		<dict>
			<key>buildActionMask</key>
			<string>2147483647</string>
			<key>files</key>
			<array/>
			<key>inputPaths</key>
			<array/>
			<key>isa</key>
			<string>PBXShellScriptBuildPhase</string>
			<key>name</key>
			<string>Copy Pods Resources</string>
			<key>outputPaths</key>
			<array/>
			<key>runOnlyForDeploymentPostprocessing</key>
			<string>0</string>
			<key>shellPath</key>
			<string>/bin/sh</string>
			<key>shellScript</key>
			<string>"${SRCROOT}/Pods/Target Support Files/Pods-fireApp/Pods-fireApp-resources.sh"
</string>
			<key>showEnvVarsInLog</key>
			<string>0</string>
		</dict>
		<key>6E5BCA7068625DDEEA6D2360</key>
		<dict>
			<key>includeInIndex</key>
			<string>1</string>
			<key>isa</key>
			<string>PBXFileReference</string>
			<key>lastKnownFileType</key>
			<string>text.xcconfig</string>
			<key>name</key>
			<string>Pods-fireApp.debug.xcconfig</string>
			<key>path</key>
			<string>Pods/Target Support Files/Pods-fireApp/Pods-fireApp.debug.xcconfig</string>
			<key>sourceTree</key>
			<string>&lt;group&gt;</string>
		</dict>
		<key>7775A23F06A1822CCEC46381</key>
		<dict>
			<key>children</key>
			<array>
				<string>3B339E50FDCC5CAC4D7B896F</string>
			</array>
			<key>isa</key>
			<string>PBXGroup</string>
			<key>name</key>
			<string>Frameworks</string>
			<key>sourceTree</key>
			<string>&lt;group&gt;</string>
		</dict>
		<key>D257EF85C024D587B13B8AEC</key>
		<dict>
			<key>includeInIndex</key>
			<string>1</string>
			<key>isa</key>
			<string>PBXFileReference</string>
			<key>lastKnownFileType</key>
			<string>text.xcconfig</string>
			<key>name</key>
			<string>Pods-fireApp.release.xcconfig</string>
			<key>path</key>
			<string>Pods/Target Support Files/Pods-fireApp/Pods-fireApp.release.xcconfig</string>
			<key>sourceTree</key>
			<string>&lt;group&gt;</string>
		</dict>
		<key>D760FCE2CC21A025A5AC6C6D</key>
		<dict>
			<key>buildActionMask</key>
			<string>2147483647</string>
			<key>files</key>
			<array/>
			<key>inputPaths</key>
			<array/>
			<key>isa</key>
			<string>PBXShellScriptBuildPhase</string>
			<key>name</key>
			<string>Check Pods Manifest.lock</string>
			<key>outputPaths</key>
			<array/>
			<key>runOnlyForDeploymentPostprocessing</key>
			<string>0</string>
			<key>shellPath</key>
			<string>/bin/sh</string>
			<key>shellScript</key>
			<string>diff "${PODS_ROOT}/../Podfile.lock" "${PODS_ROOT}/Manifest.lock" &gt; /dev/null
if [[ $? != 0 ]] ; then
    cat &lt;&lt; EOM
error: The sandbox is not in sync with the Podfile.lock. Run 'pod install' or update your CocoaPods installation.
EOM
    exit 1
fi
</string>
			<key>showEnvVarsInLog</key>
			<string>0</string>
		</dict>
		<key>D7D8678E1A86AEE7003B13C5</key>
		<dict>
			<key>children</key>
			<array>
				<string>D7D867991A86AEE7003B13C5</string>
				<string>D7D867B31A86AEE7003B13C5</string>
				<string>D7D867981A86AEE7003B13C5</string>
				<string>DA97F82748FA47B01B27BBA9</string>
				<string>7775A23F06A1822CCEC46381</string>
			</array>
			<key>isa</key>
			<string>PBXGroup</string>
			<key>sourceTree</key>
			<string>&lt;group&gt;</string>
		</dict>
		<key>D7D8678F1A86AEE7003B13C5</key>
		<dict>
			<key>attributes</key>
			<dict>
				<key>LastUpgradeCheck</key>
				<string>0610</string>
				<key>ORGANIZATIONNAME</key>
				<string>cagide</string>
				<key>TargetAttributes</key>
				<dict>
					<key>D7D867961A86AEE7003B13C5</key>
					<dict>
						<key>CreatedOnToolsVersion</key>
						<string>6.1.1</string>
					</dict>
					<key>D7D867AF1A86AEE7003B13C5</key>
					<dict>
						<key>CreatedOnToolsVersion</key>
						<string>6.1.1</string>
						<key>TestTargetID</key>
						<string>D7D867961A86AEE7003B13C5</string>
					</dict>
				</dict>
			</dict>
			<key>buildConfigurationList</key>
			<string>D7D867921A86AEE7003B13C5</string>
			<key>compatibilityVersion</key>
			<string>Xcode 3.2</string>
			<key>developmentRegion</key>
			<string>English</string>
			<key>hasScannedForEncodings</key>
			<string>0</string>
			<key>isa</key>
			<string>PBXProject</string>
			<key>knownRegions</key>
			<array>
				<string>en</string>
				<string>Base</string>
			</array>
			<key>mainGroup</key>
			<string>D7D8678E1A86AEE7003B13C5</string>
			<key>productRefGroup</key>
			<string>D7D867981A86AEE7003B13C5</string>
			<key>projectDirPath</key>
			<string></string>
			<key>projectReferences</key>
			<array/>
			<key>projectRoot</key>
			<string></string>
			<key>targets</key>
			<array>
				<string>D7D867961A86AEE7003B13C5</string>
				<string>D7D867AF1A86AEE7003B13C5</string>
			</array>
		</dict>
		<key>D7D867921A86AEE7003B13C5</key>
		<dict>
			<key>buildConfigurations</key>
			<array>
				<string>D7D867B81A86AEE7003B13C5</string>
				<string>D7D867B91A86AEE7003B13C5</string>
			</array>
			<key>defaultConfigurationIsVisible</key>
			<string>0</string>
			<key>defaultConfigurationName</key>
			<string>Release</string>
			<key>isa</key>
			<string>XCConfigurationList</string>
		</dict>
		<key>D7D867931A86AEE7003B13C5</key>
		<dict>
			<key>buildActionMask</key>
			<string>2147483647</string>
			<key>files</key>
			<array>
				<string>D7D867C71A86D21B003B13C5</string>
				<string>D7D867D11A86D67E003B13C5</string>
				<string>D7D867CC1A86D44D003B13C5</string>
				<string>D7D867A31A86AEE7003B13C5</string>
				<string>D7D867A01A86AEE7003B13C5</string>
				<string>D7D8679D1A86AEE7003B13C5</string>
			</array>
			<key>isa</key>
			<string>PBXSourcesBuildPhase</string>
			<key>runOnlyForDeploymentPostprocessing</key>
			<string>0</string>
		</dict>
		<key>D7D867941A86AEE7003B13C5</key>
		<dict>
			<key>buildActionMask</key>
			<string>2147483647</string>
			<key>files</key>
			<array>
				<string>52FA27D187FEEC5DFA25D7EE</string>
			</array>
			<key>isa</key>
			<string>PBXFrameworksBuildPhase</string>
			<key>runOnlyForDeploymentPostprocessing</key>
			<string>0</string>
		</dict>
		<key>D7D867951A86AEE7003B13C5</key>
		<dict>
			<key>buildActionMask</key>
			<string>2147483647</string>
			<key>files</key>
			<array>
				<string>D7D867C81A86D21B003B13C5</string>
				<string>D7D867A61A86AEE7003B13C5</string>
				<string>D7D867AB1A86AEE7003B13C5</string>
				<string>D7D867A81A86AEE7003B13C5</string>
				<string>D7D867CD1A86D44D003B13C5</string>
				<string>D7D867D21A86D67E003B13C5</string>
			</array>
			<key>isa</key>
			<string>PBXResourcesBuildPhase</string>
			<key>runOnlyForDeploymentPostprocessing</key>
			<string>0</string>
		</dict>
		<key>D7D867961A86AEE7003B13C5</key>
		<dict>
			<key>buildConfigurationList</key>
			<string>D7D867BA1A86AEE7003B13C5</string>
			<key>buildPhases</key>
			<array>
				<string>D760FCE2CC21A025A5AC6C6D</string>
				<string>D7D867931A86AEE7003B13C5</string>
				<string>D7D867941A86AEE7003B13C5</string>
				<string>D7D867951A86AEE7003B13C5</string>
				<string>549ADC5F44CAEFBE4FC3692D</string>
			</array>
			<key>buildRules</key>
			<array/>
			<key>dependencies</key>
			<array/>
			<key>isa</key>
			<string>PBXNativeTarget</string>
			<key>name</key>
			<string>fireApp</string>
			<key>productName</key>
			<string>fireApp</string>
			<key>productReference</key>
			<string>D7D867971A86AEE7003B13C5</string>
			<key>productType</key>
			<string>com.apple.product-type.application</string>
		</dict>
		<key>D7D867971A86AEE7003B13C5</key>
		<dict>
			<key>explicitFileType</key>
			<string>wrapper.application</string>
			<key>includeInIndex</key>
			<string>0</string>
			<key>isa</key>
			<string>PBXFileReference</string>
			<key>path</key>
			<string>fireApp.app</string>
			<key>sourceTree</key>
			<string>BUILT_PRODUCTS_DIR</string>
		</dict>
		<key>D7D867981A86AEE7003B13C5</key>
		<dict>
			<key>children</key>
			<array>
				<string>D7D867971A86AEE7003B13C5</string>
				<string>D7D867B01A86AEE7003B13C5</string>
			</array>
			<key>isa</key>
			<string>PBXGroup</string>
			<key>name</key>
			<string>Products</string>
			<key>sourceTree</key>
			<string>&lt;group&gt;</string>
		</dict>
		<key>D7D867991A86AEE7003B13C5</key>
		<dict>
			<key>children</key>
			<array>
				<string>D7D867C31A86D174003B13C5</string>
				<string>D7D867C21A86D159003B13C5</string>
				<string>D7D867C11A86D10E003B13C5</string>
				<string>D7D867C01A86D0EE003B13C5</string>
				<string>D7D8679E1A86AEE7003B13C5</string>
				<string>D7D8679F1A86AEE7003B13C5</string>
				<string>D7D867A11A86AEE7003B13C5</string>
				<string>D7D867A21A86AEE7003B13C5</string>
				<string>D7D867A41A86AEE7003B13C5</string>
				<string>D7D867A71A86AEE7003B13C5</string>
				<string>D7D867A91A86AEE7003B13C5</string>
				<string>D7D8679A1A86AEE7003B13C5</string>
			</array>
			<key>isa</key>
			<string>PBXGroup</string>
			<key>path</key>
			<string>fireApp</string>
			<key>sourceTree</key>
			<string>&lt;group&gt;</string>
		</dict>
		<key>D7D8679A1A86AEE7003B13C5</key>
		<dict>
			<key>children</key>
			<array>
				<string>D7D8679B1A86AEE7003B13C5</string>
				<string>D7D8679C1A86AEE7003B13C5</string>
			</array>
			<key>isa</key>
			<string>PBXGroup</string>
			<key>name</key>
			<string>Supporting Files</string>
			<key>sourceTree</key>
			<string>&lt;group&gt;</string>
		</dict>
		<key>D7D8679B1A86AEE7003B13C5</key>
		<dict>
			<key>isa</key>
			<string>PBXFileReference</string>
			<key>lastKnownFileType</key>
			<string>text.plist.xml</string>
			<key>path</key>
			<string>Info.plist</string>
			<key>sourceTree</key>
			<string>&lt;group&gt;</string>
		</dict>
		<key>D7D8679C1A86AEE7003B13C5</key>
		<dict>
			<key>isa</key>
			<string>PBXFileReference</string>
			<key>lastKnownFileType</key>
			<string>sourcecode.c.objc</string>
			<key>path</key>
			<string>main.m</string>
			<key>sourceTree</key>
			<string>&lt;group&gt;</string>
		</dict>
		<key>D7D8679D1A86AEE7003B13C5</key>
		<dict>
			<key>fileRef</key>
			<string>D7D8679C1A86AEE7003B13C5</string>
			<key>isa</key>
			<string>PBXBuildFile</string>
		</dict>
		<key>D7D8679E1A86AEE7003B13C5</key>
		<dict>
			<key>isa</key>
			<string>PBXFileReference</string>
			<key>lastKnownFileType</key>
			<string>sourcecode.c.h</string>
			<key>path</key>
			<string>AppDelegate.h</string>
			<key>sourceTree</key>
			<string>&lt;group&gt;</string>
		</dict>
		<key>D7D8679F1A86AEE7003B13C5</key>
		<dict>
			<key>isa</key>
			<string>PBXFileReference</string>
			<key>lastKnownFileType</key>
			<string>sourcecode.c.objc</string>
			<key>path</key>
			<string>AppDelegate.m</string>
			<key>sourceTree</key>
			<string>&lt;group&gt;</string>
		</dict>
		<key>D7D867A01A86AEE7003B13C5</key>
		<dict>
			<key>fileRef</key>
			<string>D7D8679F1A86AEE7003B13C5</string>
			<key>isa</key>
			<string>PBXBuildFile</string>
		</dict>
		<key>D7D867A11A86AEE7003B13C5</key>
		<dict>
			<key>isa</key>
			<string>PBXFileReference</string>
			<key>lastKnownFileType</key>
			<string>sourcecode.c.h</string>
			<key>path</key>
			<string>ViewController.h</string>
			<key>sourceTree</key>
			<string>&lt;group&gt;</string>
		</dict>
		<key>D7D867A21A86AEE7003B13C5</key>
		<dict>
			<key>isa</key>
			<string>PBXFileReference</string>
			<key>lastKnownFileType</key>
			<string>sourcecode.c.objc</string>
			<key>path</key>
			<string>ViewController.m</string>
			<key>sourceTree</key>
			<string>&lt;group&gt;</string>
		</dict>
		<key>D7D867A31A86AEE7003B13C5</key>
		<dict>
			<key>fileRef</key>
			<string>D7D867A21A86AEE7003B13C5</string>
			<key>isa</key>
			<string>PBXBuildFile</string>
		</dict>
		<key>D7D867A41A86AEE7003B13C5</key>
		<dict>
			<key>children</key>
			<array>
				<string>D7D867A51A86AEE7003B13C5</string>
			</array>
			<key>isa</key>
			<string>PBXVariantGroup</string>
			<key>name</key>
			<string>Main.storyboard</string>
			<key>sourceTree</key>
			<string>&lt;group&gt;</string>
		</dict>
		<key>D7D867A51A86AEE7003B13C5</key>
		<dict>
			<key>isa</key>
			<string>PBXFileReference</string>
			<key>lastKnownFileType</key>
			<string>file.storyboard</string>
			<key>name</key>
			<string>Base</string>
			<key>path</key>
			<string>Base.lproj/Main.storyboard</string>
			<key>sourceTree</key>
			<string>&lt;group&gt;</string>
		</dict>
		<key>D7D867A61A86AEE7003B13C5</key>
		<dict>
			<key>fileRef</key>
			<string>D7D867A41A86AEE7003B13C5</string>
			<key>isa</key>
			<string>PBXBuildFile</string>
		</dict>
		<key>D7D867A71A86AEE7003B13C5</key>
		<dict>
			<key>isa</key>
			<string>PBXFileReference</string>
			<key>lastKnownFileType</key>
			<string>folder.assetcatalog</string>
			<key>path</key>
			<string>Images.xcassets</string>
			<key>sourceTree</key>
			<string>&lt;group&gt;</string>
		</dict>
		<key>D7D867A81A86AEE7003B13C5</key>
		<dict>
			<key>fileRef</key>
			<string>D7D867A71A86AEE7003B13C5</string>
			<key>isa</key>
			<string>PBXBuildFile</string>
		</dict>
		<key>D7D867A91A86AEE7003B13C5</key>
		<dict>
			<key>children</key>
			<array>
				<string>D7D867AA1A86AEE7003B13C5</string>
			</array>
			<key>isa</key>
			<string>PBXVariantGroup</string>
			<key>name</key>
			<string>LaunchScreen.xib</string>
			<key>sourceTree</key>
			<string>&lt;group&gt;</string>
		</dict>
		<key>D7D867AA1A86AEE7003B13C5</key>
		<dict>
			<key>isa</key>
			<string>PBXFileReference</string>
			<key>lastKnownFileType</key>
			<string>file.xib</string>
			<key>name</key>
			<string>Base</string>
			<key>path</key>
			<string>Base.lproj/LaunchScreen.xib</string>
			<key>sourceTree</key>
			<string>&lt;group&gt;</string>
		</dict>
		<key>D7D867AB1A86AEE7003B13C5</key>
		<dict>
			<key>fileRef</key>
			<string>D7D867A91A86AEE7003B13C5</string>
			<key>isa</key>
			<string>PBXBuildFile</string>
		</dict>
		<key>D7D867AC1A86AEE7003B13C5</key>
		<dict>
			<key>buildActionMask</key>
			<string>2147483647</string>
			<key>files</key>
			<array>
				<string>D7D867B71A86AEE7003B13C5</string>
			</array>
			<key>isa</key>
			<string>PBXSourcesBuildPhase</string>
			<key>runOnlyForDeploymentPostprocessing</key>
			<string>0</string>
		</dict>
		<key>D7D867AD1A86AEE7003B13C5</key>
		<dict>
			<key>buildActionMask</key>
			<string>2147483647</string>
			<key>files</key>
			<array/>
			<key>isa</key>
			<string>PBXFrameworksBuildPhase</string>
			<key>runOnlyForDeploymentPostprocessing</key>
			<string>0</string>
		</dict>
		<key>D7D867AE1A86AEE7003B13C5</key>
		<dict>
			<key>buildActionMask</key>
			<string>2147483647</string>
			<key>files</key>
			<array/>
			<key>isa</key>
			<string>PBXResourcesBuildPhase</string>
			<key>runOnlyForDeploymentPostprocessing</key>
			<string>0</string>
		</dict>
		<key>D7D867AF1A86AEE7003B13C5</key>
		<dict>
			<key>buildConfigurationList</key>
			<string>D7D867BD1A86AEE7003B13C5</string>
			<key>buildPhases</key>
			<array>
				<string>D7D867AC1A86AEE7003B13C5</string>
				<string>D7D867AD1A86AEE7003B13C5</string>
				<string>D7D867AE1A86AEE7003B13C5</string>
			</array>
			<key>buildRules</key>
			<array/>
			<key>dependencies</key>
			<array>
				<string>D7D867B21A86AEE7003B13C5</string>
			</array>
			<key>isa</key>
			<string>PBXNativeTarget</string>
			<key>name</key>
			<string>fireAppTests</string>
			<key>productName</key>
			<string>fireAppTests</string>
			<key>productReference</key>
			<string>D7D867B01A86AEE7003B13C5</string>
			<key>productType</key>
			<string>com.apple.product-type.bundle.unit-test</string>
		</dict>
		<key>D7D867B01A86AEE7003B13C5</key>
		<dict>
			<key>explicitFileType</key>
			<string>wrapper.cfbundle</string>
			<key>includeInIndex</key>
			<string>0</string>
			<key>isa</key>
			<string>PBXFileReference</string>
			<key>path</key>
			<string>fireAppTests.xctest</string>
			<key>sourceTree</key>
			<string>BUILT_PRODUCTS_DIR</string>
		</dict>
		<key>D7D867B11A86AEE7003B13C5</key>
		<dict>
			<key>containerPortal</key>
			<string>D7D8678F1A86AEE7003B13C5</string>
			<key>isa</key>
			<string>PBXContainerItemProxy</string>
			<key>proxyType</key>
			<string>1</string>
			<key>remoteGlobalIDString</key>
			<string>D7D867961A86AEE7003B13C5</string>
			<key>remoteInfo</key>
			<string>fireApp</string>
		</dict>
		<key>D7D867B21A86AEE7003B13C5</key>
		<dict>
			<key>isa</key>
			<string>PBXTargetDependency</string>
			<key>target</key>
			<string>D7D867961A86AEE7003B13C5</string>
			<key>targetProxy</key>
			<string>D7D867B11A86AEE7003B13C5</string>
		</dict>
		<key>D7D867B31A86AEE7003B13C5</key>
		<dict>
			<key>children</key>
			<array>
				<string>D7D867B61A86AEE7003B13C5</string>
				<string>D7D867B41A86AEE7003B13C5</string>
			</array>
			<key>isa</key>
			<string>PBXGroup</string>
			<key>path</key>
			<string>fireAppTests</string>
			<key>sourceTree</key>
			<string>&lt;group&gt;</string>
		</dict>
		<key>D7D867B41A86AEE7003B13C5</key>
		<dict>
			<key>children</key>
			<array>
				<string>D7D867B51A86AEE7003B13C5</string>
			</array>
			<key>isa</key>
			<string>PBXGroup</string>
			<key>name</key>
			<string>Supporting Files</string>
			<key>sourceTree</key>
			<string>&lt;group&gt;</string>
		</dict>
		<key>D7D867B51A86AEE7003B13C5</key>
		<dict>
			<key>isa</key>
			<string>PBXFileReference</string>
			<key>lastKnownFileType</key>
			<string>text.plist.xml</string>
			<key>path</key>
			<string>Info.plist</string>
			<key>sourceTree</key>
			<string>&lt;group&gt;</string>
		</dict>
		<key>D7D867B61A86AEE7003B13C5</key>
		<dict>
			<key>isa</key>
			<string>PBXFileReference</string>
			<key>lastKnownFileType</key>
			<string>sourcecode.c.objc</string>
			<key>path</key>
			<string>fireAppTests.m</string>
			<key>sourceTree</key>
			<string>&lt;group&gt;</string>
		</dict>
		<key>D7D867B71A86AEE7003B13C5</key>
		<dict>
			<key>fileRef</key>
			<string>D7D867B61A86AEE7003B13C5</string>
			<key>isa</key>
			<string>PBXBuildFile</string>
		</dict>
		<key>D7D867B81A86AEE7003B13C5</key>
		<dict>
			<key>buildSettings</key>
			<dict>
				<key>ALWAYS_SEARCH_USER_PATHS</key>
				<string>NO</string>
				<key>CLANG_CXX_LANGUAGE_STANDARD</key>
				<string>gnu++0x</string>
				<key>CLANG_CXX_LIBRARY</key>
				<string>libc++</string>
				<key>CLANG_ENABLE_MODULES</key>
				<string>YES</string>
				<key>CLANG_ENABLE_OBJC_ARC</key>
				<string>YES</string>
				<key>CLANG_WARN_BOOL_CONVERSION</key>
				<string>YES</string>
				<key>CLANG_WARN_CONSTANT_CONVERSION</key>
				<string>YES</string>
				<key>CLANG_WARN_DIRECT_OBJC_ISA_USAGE</key>
				<string>YES_ERROR</string>
				<key>CLANG_WARN_EMPTY_BODY</key>
				<string>YES</string>
				<key>CLANG_WARN_ENUM_CONVERSION</key>
				<string>YES</string>
				<key>CLANG_WARN_INT_CONVERSION</key>
				<string>YES</string>
				<key>CLANG_WARN_OBJC_ROOT_CLASS</key>
				<string>YES_ERROR</string>
				<key>CLANG_WARN_UNREACHABLE_CODE</key>
				<string>YES</string>
				<key>CLANG_WARN__DUPLICATE_METHOD_MATCH</key>
				<string>YES</string>
				<key>CODE_SIGN_IDENTITY[sdk=iphoneos*]</key>
				<string>iPhone Developer</string>
				<key>COPY_PHASE_STRIP</key>
				<string>NO</string>
				<key>ENABLE_STRICT_OBJC_MSGSEND</key>
				<string>YES</string>
				<key>GCC_C_LANGUAGE_STANDARD</key>
				<string>gnu99</string>
				<key>GCC_DYNAMIC_NO_PIC</key>
				<string>NO</string>
				<key>GCC_OPTIMIZATION_LEVEL</key>
				<string>0</string>
				<key>GCC_PREPROCESSOR_DEFINITIONS</key>
				<array>
					<string>DEBUG=1</string>
					<string>$(inherited)</string>
				</array>
				<key>GCC_SYMBOLS_PRIVATE_EXTERN</key>
				<string>NO</string>
				<key>GCC_WARN_64_TO_32_BIT_CONVERSION</key>
				<string>YES</string>
				<key>GCC_WARN_ABOUT_RETURN_TYPE</key>
				<string>YES_ERROR</string>
				<key>GCC_WARN_UNDECLARED_SELECTOR</key>
				<string>YES</string>
				<key>GCC_WARN_UNINITIALIZED_AUTOS</key>
				<string>YES_AGGRESSIVE</string>
				<key>GCC_WARN_UNUSED_FUNCTION</key>
				<string>YES</string>
				<key>GCC_WARN_UNUSED_VARIABLE</key>
				<string>YES</string>
				<key>IPHONEOS_DEPLOYMENT_TARGET</key>
				<string>8.1</string>
				<key>MTL_ENABLE_DEBUG_INFO</key>
				<string>YES</string>
				<key>ONLY_ACTIVE_ARCH</key>
				<string>YES</string>
				<key>SDKROOT</key>
				<string>iphoneos</string>
			</dict>
			<key>isa</key>
			<string>XCBuildConfiguration</string>
			<key>name</key>
			<string>Debug</string>
		</dict>
		<key>D7D867B91A86AEE7003B13C5</key>
		<dict>
			<key>buildSettings</key>
			<dict>
				<key>ALWAYS_SEARCH_USER_PATHS</key>
				<string>NO</string>
				<key>CLANG_CXX_LANGUAGE_STANDARD</key>
				<string>gnu++0x</string>
				<key>CLANG_CXX_LIBRARY</key>
				<string>libc++</string>
				<key>CLANG_ENABLE_MODULES</key>
				<string>YES</string>
				<key>CLANG_ENABLE_OBJC_ARC</key>
				<string>YES</string>
				<key>CLANG_WARN_BOOL_CONVERSION</key>
				<string>YES</string>
				<key>CLANG_WARN_CONSTANT_CONVERSION</key>
				<string>YES</string>
				<key>CLANG_WARN_DIRECT_OBJC_ISA_USAGE</key>
				<string>YES_ERROR</string>
				<key>CLANG_WARN_EMPTY_BODY</key>
				<string>YES</string>
				<key>CLANG_WARN_ENUM_CONVERSION</key>
				<string>YES</string>
				<key>CLANG_WARN_INT_CONVERSION</key>
				<string>YES</string>
				<key>CLANG_WARN_OBJC_ROOT_CLASS</key>
				<string>YES_ERROR</string>
				<key>CLANG_WARN_UNREACHABLE_CODE</key>
				<string>YES</string>
				<key>CLANG_WARN__DUPLICATE_METHOD_MATCH</key>
				<string>YES</string>
				<key>CODE_SIGN_IDENTITY[sdk=iphoneos*]</key>
				<string>iPhone Developer</string>
				<key>COPY_PHASE_STRIP</key>
				<string>YES</string>
				<key>ENABLE_NS_ASSERTIONS</key>
				<string>NO</string>
				<key>ENABLE_STRICT_OBJC_MSGSEND</key>
				<string>YES</string>
				<key>GCC_C_LANGUAGE_STANDARD</key>
				<string>gnu99</string>
				<key>GCC_WARN_64_TO_32_BIT_CONVERSION</key>
				<string>YES</string>
				<key>GCC_WARN_ABOUT_RETURN_TYPE</key>
				<string>YES_ERROR</string>
				<key>GCC_WARN_UNDECLARED_SELECTOR</key>
				<string>YES</string>
				<key>GCC_WARN_UNINITIALIZED_AUTOS</key>
				<string>YES_AGGRESSIVE</string>
				<key>GCC_WARN_UNUSED_FUNCTION</key>
				<string>YES</string>
				<key>GCC_WARN_UNUSED_VARIABLE</key>
				<string>YES</string>
				<key>IPHONEOS_DEPLOYMENT_TARGET</key>
				<string>8.1</string>
				<key>MTL_ENABLE_DEBUG_INFO</key>
				<string>NO</string>
				<key>SDKROOT</key>
				<string>iphoneos</string>
				<key>VALIDATE_PRODUCT</key>
				<string>YES</string>
			</dict>
			<key>isa</key>
			<string>XCBuildConfiguration</string>
			<key>name</key>
			<string>Release</string>
		</dict>
		<key>D7D867BA1A86AEE7003B13C5</key>
		<dict>
			<key>buildConfigurations</key>
			<array>
				<string>D7D867BB1A86AEE7003B13C5</string>
				<string>D7D867BC1A86AEE7003B13C5</string>
			</array>
			<key>defaultConfigurationIsVisible</key>
			<string>0</string>
			<key>defaultConfigurationName</key>
			<string>Release</string>
			<key>isa</key>
			<string>XCConfigurationList</string>
		</dict>
		<key>D7D867BB1A86AEE7003B13C5</key>
		<dict>
			<key>baseConfigurationReference</key>
			<string>6E5BCA7068625DDEEA6D2360</string>
			<key>buildSettings</key>
			<dict>
				<key>ASSETCATALOG_COMPILER_APPICON_NAME</key>
				<string>AppIcon</string>
				<key>INFOPLIST_FILE</key>
				<string>fireApp/Info.plist</string>
				<key>LD_RUNPATH_SEARCH_PATHS</key>
				<string>$(inherited) @executable_path/Frameworks</string>
				<key>PRODUCT_NAME</key>
				<string>$(TARGET_NAME)</string>
			</dict>
			<key>isa</key>
			<string>XCBuildConfiguration</string>
			<key>name</key>
			<string>Debug</string>
		</dict>
		<key>D7D867BC1A86AEE7003B13C5</key>
		<dict>
			<key>baseConfigurationReference</key>
			<string>D257EF85C024D587B13B8AEC</string>
			<key>buildSettings</key>
			<dict>
				<key>ASSETCATALOG_COMPILER_APPICON_NAME</key>
				<string>AppIcon</string>
				<key>INFOPLIST_FILE</key>
				<string>fireApp/Info.plist</string>
				<key>LD_RUNPATH_SEARCH_PATHS</key>
				<string>$(inherited) @executable_path/Frameworks</string>
				<key>PRODUCT_NAME</key>
				<string>$(TARGET_NAME)</string>
			</dict>
			<key>isa</key>
			<string>XCBuildConfiguration</string>
			<key>name</key>
			<string>Release</string>
		</dict>
		<key>D7D867BD1A86AEE7003B13C5</key>
		<dict>
			<key>buildConfigurations</key>
			<array>
				<string>D7D867BE1A86AEE7003B13C5</string>
				<string>D7D867BF1A86AEE7003B13C5</string>
			</array>
			<key>defaultConfigurationIsVisible</key>
			<string>0</string>
			<key>defaultConfigurationName</key>
			<string>Release</string>
			<key>isa</key>
			<string>XCConfigurationList</string>
		</dict>
		<key>D7D867BE1A86AEE7003B13C5</key>
		<dict>
			<key>buildSettings</key>
			<dict>
				<key>BUNDLE_LOADER</key>
				<string>$(TEST_HOST)</string>
				<key>FRAMEWORK_SEARCH_PATHS</key>
				<array>
					<string>$(SDKROOT)/Developer/Library/Frameworks</string>
					<string>$(inherited)</string>
				</array>
				<key>GCC_PREPROCESSOR_DEFINITIONS</key>
				<array>
					<string>DEBUG=1</string>
					<string>$(inherited)</string>
				</array>
				<key>INFOPLIST_FILE</key>
				<string>fireAppTests/Info.plist</string>
				<key>LD_RUNPATH_SEARCH_PATHS</key>
				<string>$(inherited) @executable_path/Frameworks @loader_path/Frameworks</string>
				<key>PRODUCT_NAME</key>
				<string>$(TARGET_NAME)</string>
				<key>TEST_HOST</key>
				<string>$(BUILT_PRODUCTS_DIR)/fireApp.app/fireApp</string>
			</dict>
			<key>isa</key>
			<string>XCBuildConfiguration</string>
			<key>name</key>
			<string>Debug</string>
		</dict>
		<key>D7D867BF1A86AEE7003B13C5</key>
		<dict>
			<key>buildSettings</key>
			<dict>
				<key>BUNDLE_LOADER</key>
				<string>$(TEST_HOST)</string>
				<key>FRAMEWORK_SEARCH_PATHS</key>
				<array>
					<string>$(SDKROOT)/Developer/Library/Frameworks</string>
					<string>$(inherited)</string>
				</array>
				<key>INFOPLIST_FILE</key>
				<string>fireAppTests/Info.plist</string>
				<key>LD_RUNPATH_SEARCH_PATHS</key>
				<string>$(inherited) @executable_path/Frameworks @loader_path/Frameworks</string>
				<key>PRODUCT_NAME</key>
				<string>$(TARGET_NAME)</string>
				<key>TEST_HOST</key>
				<string>$(BUILT_PRODUCTS_DIR)/fireApp.app/fireApp</string>
			</dict>
			<key>isa</key>
			<string>XCBuildConfiguration</string>
			<key>name</key>
			<string>Release</string>
		</dict>
		<key>D7D867C01A86D0EE003B13C5</key>
		<dict>
			<key>children</key>
			<array/>
			<key>isa</key>
			<string>PBXGroup</string>
			<key>name</key>
			<string>MainContainer</string>
			<key>sourceTree</key>
			<string>&lt;group&gt;</string>
		</dict>
		<key>D7D867C11A86D10E003B13C5</key>
		<dict>
			<key>children</key>
			<array>
				<string>D7D867C91A86D44D003B13C5</string>
				<string>D7D867CA1A86D44D003B13C5</string>
				<string>D7D867CB1A86D44D003B13C5</string>
			</array>
			<key>isa</key>
			<string>PBXGroup</string>
			<key>name</key>
			<string>Album</string>
			<key>sourceTree</key>
			<string>&lt;group&gt;</string>
		</dict>
		<key>D7D867C21A86D159003B13C5</key>
		<dict>
			<key>children</key>
			<array>
				<string>D7D867C41A86D21B003B13C5</string>
				<string>D7D867C51A86D21B003B13C5</string>
				<string>D7D867C61A86D21B003B13C5</string>
			</array>
			<key>isa</key>
			<string>PBXGroup</string>
			<key>name</key>
			<string>Login</string>
			<key>sourceTree</key>
			<string>&lt;group&gt;</string>
		</dict>
		<key>D7D867C31A86D174003B13C5</key>
		<dict>
			<key>children</key>
			<array>
				<string>D7D867CE1A86D67E003B13C5</string>
				<string>D7D867CF1A86D67E003B13C5</string>
				<string>D7D867D01A86D67E003B13C5</string>
			</array>
			<key>isa</key>
			<string>PBXGroup</string>
			<key>name</key>
			<string>Dashboard</string>
			<key>sourceTree</key>
			<string>&lt;group&gt;</string>
		</dict>
		<key>D7D867C41A86D21B003B13C5</key>
		<dict>
			<key>fileEncoding</key>
			<string>4</string>
			<key>isa</key>
			<string>PBXFileReference</string>
			<key>lastKnownFileType</key>
			<string>sourcecode.c.h</string>
			<key>path</key>
			<string>LoginViewController.h</string>
			<key>sourceTree</key>
			<string>&lt;group&gt;</string>
		</dict>
		<key>D7D867C51A86D21B003B13C5</key>
		<dict>
			<key>fileEncoding</key>
			<string>4</string>
			<key>isa</key>
			<string>PBXFileReference</string>
			<key>lastKnownFileType</key>
			<string>sourcecode.c.objc</string>
			<key>path</key>
			<string>LoginViewController.m</string>
			<key>sourceTree</key>
			<string>&lt;group&gt;</string>
		</dict>
		<key>D7D867C61A86D21B003B13C5</key>
		<dict>
			<key>fileEncoding</key>
			<string>4</string>
			<key>isa</key>
			<string>PBXFileReference</string>
			<key>lastKnownFileType</key>
			<string>file.xib</string>
			<key>path</key>
			<string>LoginViewController.xib</string>
			<key>sourceTree</key>
			<string>&lt;group&gt;</string>
		</dict>
		<key>D7D867C71A86D21B003B13C5</key>
		<dict>
			<key>fileRef</key>
			<string>D7D867C51A86D21B003B13C5</string>
			<key>isa</key>
			<string>PBXBuildFile</string>
		</dict>
		<key>D7D867C81A86D21B003B13C5</key>
		<dict>
			<key>fileRef</key>
			<string>D7D867C61A86D21B003B13C5</string>
			<key>isa</key>
			<string>PBXBuildFile</string>
		</dict>
		<key>D7D867C91A86D44D003B13C5</key>
		<dict>
			<key>fileEncoding</key>
			<string>4</string>
			<key>isa</key>
			<string>PBXFileReference</string>
			<key>lastKnownFileType</key>
			<string>sourcecode.c.h</string>
			<key>path</key>
			<string>AlbumViewController.h</string>
			<key>sourceTree</key>
			<string>&lt;group&gt;</string>
		</dict>
		<key>D7D867CA1A86D44D003B13C5</key>
		<dict>
			<key>fileEncoding</key>
			<string>4</string>
			<key>isa</key>
			<string>PBXFileReference</string>
			<key>lastKnownFileType</key>
			<string>sourcecode.c.objc</string>
			<key>path</key>
			<string>AlbumViewController.m</string>
			<key>sourceTree</key>
			<string>&lt;group&gt;</string>
		</dict>
		<key>D7D867CB1A86D44D003B13C5</key>
		<dict>
			<key>fileEncoding</key>
			<string>4</string>
			<key>isa</key>
			<string>PBXFileReference</string>
			<key>lastKnownFileType</key>
			<string>file.xib</string>
			<key>path</key>
			<string>AlbumViewController.xib</string>
			<key>sourceTree</key>
			<string>&lt;group&gt;</string>
		</dict>
		<key>D7D867CC1A86D44D003B13C5</key>
		<dict>
			<key>fileRef</key>
			<string>D7D867CA1A86D44D003B13C5</string>
			<key>isa</key>
			<string>PBXBuildFile</string>
		</dict>
		<key>D7D867CD1A86D44D003B13C5</key>
		<dict>
			<key>fileRef</key>
			<string>D7D867CB1A86D44D003B13C5</string>
			<key>isa</key>
			<string>PBXBuildFile</string>
		</dict>
		<key>D7D867CE1A86D67E003B13C5</key>
		<dict>
			<key>fileEncoding</key>
			<string>4</string>
			<key>isa</key>
			<string>PBXFileReference</string>
			<key>lastKnownFileType</key>
			<string>sourcecode.c.h</string>
			<key>path</key>
			<string>DashboardViewController.h</string>
			<key>sourceTree</key>
			<string>&lt;group&gt;</string>
		</dict>
		<key>D7D867CF1A86D67E003B13C5</key>
		<dict>
			<key>fileEncoding</key>
			<string>4</string>
			<key>isa</key>
			<string>PBXFileReference</string>
			<key>lastKnownFileType</key>
			<string>sourcecode.c.objc</string>
			<key>path</key>
			<string>DashboardViewController.m</string>
			<key>sourceTree</key>
			<string>&lt;group&gt;</string>
		</dict>
		<key>D7D867D01A86D67E003B13C5</key>
		<dict>
			<key>fileEncoding</key>
			<string>4</string>
			<key>isa</key>
			<string>PBXFileReference</string>
			<key>lastKnownFileType</key>
			<string>file.xib</string>
			<key>path</key>
			<string>DashboardViewController.xib</string>
			<key>sourceTree</key>
			<string>&lt;group&gt;</string>
		</dict>
		<key>D7D867D11A86D67E003B13C5</key>
		<dict>
			<key>fileRef</key>
			<string>D7D867CF1A86D67E003B13C5</string>
			<key>isa</key>
			<string>PBXBuildFile</string>
		</dict>
		<key>D7D867D21A86D67E003B13C5</key>
		<dict>
			<key>fileRef</key>
			<string>D7D867D01A86D67E003B13C5</string>
			<key>isa</key>
			<string>PBXBuildFile</string>
		</dict>
		<key>DA97F82748FA47B01B27BBA9</key>
		<dict>
			<key>children</key>
			<array>
				<string>6E5BCA7068625DDEEA6D2360</string>
				<string>D257EF85C024D587B13B8AEC</string>
			</array>
			<key>isa</key>
			<string>PBXGroup</string>
			<key>name</key>
			<string>Pods</string>
			<key>sourceTree</key>
			<string>&lt;group&gt;</string>
		</dict>
	</dict>
	<key>rootObject</key>
	<string>D7D8678F1A86AEE7003B13C5</string>
</dict>
</plist>
